
Microsoft Visual Studio Solution File, Format Version 12.00
# Visual Studio 15
VisualStudioVersion = 15.0.27004.2005
MinimumVisualStudioVersion = 10.0.40219.1
Project("{FAE04EC0-301F-11D3-BF4B-00C04F79EFBC}") = "Server", "Server\Server.csproj", "{8BFC8AF0-FEAD-44F7-81B1-EAB710E3BE14}"
EndProject
Project("{FAE04EC0-301F-11D3-BF4B-00C04F79EFBC}") = "Client", "Client\Client.csproj", "{C1A7A936-22AC-4119-A68B-35DF6ED50DE3}"
EndProject
Global
	GlobalSection(SolutionConfigurationPlatforms) = preSolution
		Debug|Any CPU = Debug|Any CPU
		Release|Any CPU = Release|Any CPU
	EndGlobalSection
	GlobalSection(ProjectConfigurationPlatforms) = postSolution
		{8BFC8AF0-FEAD-44F7-81B1-EAB710E3BE14}.Debug|Any CPU.ActiveCfg = Debug|Any CPU
		{8BFC8AF0-FEAD-44F7-81B1-EAB710E3BE14}.Debug|Any CPU.Build.0 = Debug|Any CPU
		{8BFC8AF0-FEAD-44F7-81B1-EAB710E3BE14}.Release|Any CPU.ActiveCfg = Release|Any CPU
		{8BFC8AF0-FEAD-44F7-81B1-EAB710E3BE14}.Release|Any CPU.Build.0 = Release|Any CPU
		{C1A7A936-22AC-4119-A68B-35DF6ED50DE3}.Debug|Any CPU.ActiveCfg = Debug|Any CPU
		{C1A7A936-22AC-4119-A68B-35DF6ED50DE3}.Debug|Any CPU.Build.0 = Debug|Any CPU
		{C1A7A936-22AC-4119-A68B-35DF6ED50DE3}.Release|Any CPU.ActiveCfg = Release|Any CPU
		{C1A7A936-22AC-4119-A68B-35DF6ED50DE3}.Release|Any CPU.Build.0 = Release|Any CPU
	EndGlobalSection
	GlobalSection(SolutionProperties) = preSolution
		HideSolutionNode = FALSE
	EndGlobalSection
	GlobalSection(ExtensibilityGlobals) = postSolution
		SolutionGuid = {00D35F8D-5291-4E98-8E74-D36F9D864BD3}
	EndGlobalSection
EndGlobal
